// !$*UTF8*$!
{
	archiveVersion = 1;
	classes = {
	};
	objectVersion = 56;
	objects = {

/* Begin PBXBuildFile section */
		D81950FA29E5FB90007E16A4 /* AuthenticationViewModel.swift in Sources */ = {isa = PBXBuildFile; fileRef = D81950F929E5FB90007E16A4 /* AuthenticationViewModel.swift */; };
		D821BDDB2A1543F400190E8C /* YPImagePicker in Frameworks */ = {isa = PBXBuildFile; productRef = D821BDDA2A1543F400190E8C /* YPImagePicker */; };
		D821BDDD2A16ACD200190E8C /* UploadPostController.swift in Sources */ = {isa = PBXBuildFile; fileRef = D821BDDC2A16ACD200190E8C /* UploadPostController.swift */; };
		D821BDDF2A16B53400190E8C /* InputTextView.swift in Sources */ = {isa = PBXBuildFile; fileRef = D821BDDE2A16B53400190E8C /* InputTextView.swift */; };
		D83F475929DAA40A0069335D /* AppDelegate.swift in Sources */ = {isa = PBXBuildFile; fileRef = D83F475829DAA40A0069335D /* AppDelegate.swift */; };
		D83F475B29DAA40A0069335D /* SceneDelegate.swift in Sources */ = {isa = PBXBuildFile; fileRef = D83F475A29DAA40A0069335D /* SceneDelegate.swift */; };
		D83F475D29DAA40A0069335D /* ViewController.swift in Sources */ = {isa = PBXBuildFile; fileRef = D83F475C29DAA40A0069335D /* ViewController.swift */; };
		D83F476029DAA40A0069335D /* Main.storyboard in Resources */ = {isa = PBXBuildFile; fileRef = D83F475E29DAA40A0069335D /* Main.storyboard */; };
		D83F476229DAA40B0069335D /* Assets.xcassets in Resources */ = {isa = PBXBuildFile; fileRef = D83F476129DAA40B0069335D /* Assets.xcassets */; };
		D83F476529DAA40B0069335D /* LaunchScreen.storyboard in Resources */ = {isa = PBXBuildFile; fileRef = D83F476329DAA40B0069335D /* LaunchScreen.storyboard */; };
		D83F477029DAA40C0069335D /* InstagramFirestoreTutorialTests.swift in Sources */ = {isa = PBXBuildFile; fileRef = D83F476F29DAA40C0069335D /* InstagramFirestoreTutorialTests.swift */; };
		D83F477A29DAA40C0069335D /* InstagramFirestoreTutorialUITests.swift in Sources */ = {isa = PBXBuildFile; fileRef = D83F477929DAA40C0069335D /* InstagramFirestoreTutorialUITests.swift */; };
		D83F477C29DAA40C0069335D /* InstagramFirestoreTutorialUITestsLaunchTests.swift in Sources */ = {isa = PBXBuildFile; fileRef = D83F477B29DAA40C0069335D /* InstagramFirestoreTutorialUITestsLaunchTests.swift */; };
		D83F479129DB48420069335D /* MainTabController.swift in Sources */ = {isa = PBXBuildFile; fileRef = D83F479029DB48420069335D /* MainTabController.swift */; };
		D83F479329DB4B890069335D /* FeedController.swift in Sources */ = {isa = PBXBuildFile; fileRef = D83F479229DB4B890069335D /* FeedController.swift */; };
		D83F479529DB4B9C0069335D /* SearchController.swift in Sources */ = {isa = PBXBuildFile; fileRef = D83F479429DB4B9C0069335D /* SearchController.swift */; };
		D83F479729DB4BB90069335D /* ImageSelectorController.swift in Sources */ = {isa = PBXBuildFile; fileRef = D83F479629DB4BB90069335D /* ImageSelectorController.swift */; };
		D83F479929DB4BD90069335D /* NotificationsController.swift in Sources */ = {isa = PBXBuildFile; fileRef = D83F479829DB4BD90069335D /* NotificationsController.swift */; };
		D83F479B29DB4BEF0069335D /* ProfileController.swift in Sources */ = {isa = PBXBuildFile; fileRef = D83F479A29DB4BEF0069335D /* ProfileController.swift */; };
		D850CE8229F72A6600DF40FE /* Constants.swift in Sources */ = {isa = PBXBuildFile; fileRef = D850CE8129F72A6600DF40FE /* Constants.swift */; };
		D850CE8429F72ACF00DF40FE /* UserService.swift in Sources */ = {isa = PBXBuildFile; fileRef = D850CE8329F72ACF00DF40FE /* UserService.swift */; };
		D857D49229E1EC8B0085AB35 /* Extensions.swift in Sources */ = {isa = PBXBuildFile; fileRef = D857D49129E1EC8B0085AB35 /* Extensions.swift */; };
		D857D49529E2016E0085AB35 /* LoginController.swift in Sources */ = {isa = PBXBuildFile; fileRef = D857D49429E2016E0085AB35 /* LoginController.swift */; };
		D857D49729E201830085AB35 /* RegistrationController.swift in Sources */ = {isa = PBXBuildFile; fileRef = D857D49629E201830085AB35 /* RegistrationController.swift */; };
		D857D49929E4C2600085AB35 /* CustomTextField.swift in Sources */ = {isa = PBXBuildFile; fileRef = D857D49829E4C2600085AB35 /* CustomTextField.swift */; };
		D857D49C29E4C9950085AB35 /* JGProgressHUD in Frameworks */ = {isa = PBXBuildFile; productRef = D857D49B29E4C9950085AB35 /* JGProgressHUD */; };
		D857D49E29E4D9280085AB35 /* CustomAuthButton.swift in Sources */ = {isa = PBXBuildFile; fileRef = D857D49D29E4D9280085AB35 /* CustomAuthButton.swift */; };
		D88FAC2A29F730A800DC5D38 /* User.swift in Sources */ = {isa = PBXBuildFile; fileRef = D88FAC2929F730A800DC5D38 /* User.swift */; };
		D88FAC2D29F873C300DC5D38 /* SDWebImage in Frameworks */ = {isa = PBXBuildFile; productRef = D88FAC2C29F873C300DC5D38 /* SDWebImage */; };
		D88FAC2F29F873C300DC5D38 /* SDWebImageMapKit in Frameworks */ = {isa = PBXBuildFile; productRef = D88FAC2E29F873C300DC5D38 /* SDWebImageMapKit */; };
		D88FAC3129F9A52300DC5D38 /* ProfileHeaderViewModel.swift in Sources */ = {isa = PBXBuildFile; fileRef = D88FAC3029F9A52300DC5D38 /* ProfileHeaderViewModel.swift */; };
		D88FAC332A02F6BB00DC5D38 /* UserCell.swift in Sources */ = {isa = PBXBuildFile; fileRef = D88FAC322A02F6BB00DC5D38 /* UserCell.swift */; };
		D89A25FC29DB81A10018B008 /* FeedCell.swift in Sources */ = {isa = PBXBuildFile; fileRef = D89A25FB29DB81A10018B008 /* FeedCell.swift */; };
		D8AF669129EF1B7A00A2FDCF /* FirebaseAnalytics in Frameworks */ = {isa = PBXBuildFile; productRef = D8AF669029EF1B7A00A2FDCF /* FirebaseAnalytics */; };
		D8AF669329EF1B7A00A2FDCF /* FirebaseAnalyticsOnDeviceConversion in Frameworks */ = {isa = PBXBuildFile; productRef = D8AF669229EF1B7A00A2FDCF /* FirebaseAnalyticsOnDeviceConversion */; };
		D8AF669529EF1B7A00A2FDCF /* FirebaseAnalyticsSwift in Frameworks */ = {isa = PBXBuildFile; productRef = D8AF669429EF1B7A00A2FDCF /* FirebaseAnalyticsSwift */; };
		D8AF669729EF1B7A00A2FDCF /* FirebaseAnalyticsWithoutAdIdSupport in Frameworks */ = {isa = PBXBuildFile; productRef = D8AF669629EF1B7A00A2FDCF /* FirebaseAnalyticsWithoutAdIdSupport */; };
		D8AF669929EF1B7A00A2FDCF /* FirebaseAppCheck in Frameworks */ = {isa = PBXBuildFile; productRef = D8AF669829EF1B7A00A2FDCF /* FirebaseAppCheck */; };
		D8AF669B29EF1B7A00A2FDCF /* FirebaseAppDistribution-Beta in Frameworks */ = {isa = PBXBuildFile; productRef = D8AF669A29EF1B7A00A2FDCF /* FirebaseAppDistribution-Beta */; };
		D8AF669D29EF1B7A00A2FDCF /* FirebaseAuth in Frameworks */ = {isa = PBXBuildFile; productRef = D8AF669C29EF1B7A00A2FDCF /* FirebaseAuth */; };
		D8AF669F29EF1B7A00A2FDCF /* FirebaseAuthCombine-Community in Frameworks */ = {isa = PBXBuildFile; productRef = D8AF669E29EF1B7A00A2FDCF /* FirebaseAuthCombine-Community */; };
		D8AF66A129EF1B7A00A2FDCF /* FirebaseCrashlytics in Frameworks */ = {isa = PBXBuildFile; productRef = D8AF66A029EF1B7A00A2FDCF /* FirebaseCrashlytics */; };
		D8AF66A329EF1B7A00A2FDCF /* FirebaseDatabase in Frameworks */ = {isa = PBXBuildFile; productRef = D8AF66A229EF1B7A00A2FDCF /* FirebaseDatabase */; };
		D8AF66A529EF1B7A00A2FDCF /* FirebaseDatabaseSwift in Frameworks */ = {isa = PBXBuildFile; productRef = D8AF66A429EF1B7A00A2FDCF /* FirebaseDatabaseSwift */; };
		D8AF66A729EF1B7A00A2FDCF /* FirebaseDynamicLinks in Frameworks */ = {isa = PBXBuildFile; productRef = D8AF66A629EF1B7A00A2FDCF /* FirebaseDynamicLinks */; };
		D8AF66A929EF1B7A00A2FDCF /* FirebaseFirestore in Frameworks */ = {isa = PBXBuildFile; productRef = D8AF66A829EF1B7A00A2FDCF /* FirebaseFirestore */; };
		D8AF66AB29EF1B7A00A2FDCF /* FirebaseFirestoreCombine-Community in Frameworks */ = {isa = PBXBuildFile; productRef = D8AF66AA29EF1B7A00A2FDCF /* FirebaseFirestoreCombine-Community */; };
		D8AF66AD29EF1B7A00A2FDCF /* FirebaseFirestoreSwift in Frameworks */ = {isa = PBXBuildFile; productRef = D8AF66AC29EF1B7A00A2FDCF /* FirebaseFirestoreSwift */; };
		D8AF66AF29EF1B7A00A2FDCF /* FirebaseFunctions in Frameworks */ = {isa = PBXBuildFile; productRef = D8AF66AE29EF1B7A00A2FDCF /* FirebaseFunctions */; };
		D8AF66B129EF1B7A00A2FDCF /* FirebaseFunctionsCombine-Community in Frameworks */ = {isa = PBXBuildFile; productRef = D8AF66B029EF1B7A00A2FDCF /* FirebaseFunctionsCombine-Community */; };
		D8AF66B329EF1B7A00A2FDCF /* FirebaseInAppMessaging-Beta in Frameworks */ = {isa = PBXBuildFile; productRef = D8AF66B229EF1B7A00A2FDCF /* FirebaseInAppMessaging-Beta */; };
		D8AF66B529EF1B7A00A2FDCF /* FirebaseInAppMessagingSwift-Beta in Frameworks */ = {isa = PBXBuildFile; productRef = D8AF66B429EF1B7A00A2FDCF /* FirebaseInAppMessagingSwift-Beta */; };
		D8AF66B729EF1B7A00A2FDCF /* FirebaseInstallations in Frameworks */ = {isa = PBXBuildFile; productRef = D8AF66B629EF1B7A00A2FDCF /* FirebaseInstallations */; };
		D8AF66B929EF1B7A00A2FDCF /* FirebaseMLModelDownloader in Frameworks */ = {isa = PBXBuildFile; productRef = D8AF66B829EF1B7A00A2FDCF /* FirebaseMLModelDownloader */; };
		D8AF66BB29EF1B7A00A2FDCF /* FirebaseMessaging in Frameworks */ = {isa = PBXBuildFile; productRef = D8AF66BA29EF1B7A00A2FDCF /* FirebaseMessaging */; };
		D8AF66BD29EF1B7A00A2FDCF /* FirebasePerformance in Frameworks */ = {isa = PBXBuildFile; productRef = D8AF66BC29EF1B7A00A2FDCF /* FirebasePerformance */; };
		D8AF66BF29EF1B7A00A2FDCF /* FirebaseRemoteConfig in Frameworks */ = {isa = PBXBuildFile; productRef = D8AF66BE29EF1B7A00A2FDCF /* FirebaseRemoteConfig */; };
		D8AF66C129EF1B7A00A2FDCF /* FirebaseRemoteConfigSwift in Frameworks */ = {isa = PBXBuildFile; productRef = D8AF66C029EF1B7A00A2FDCF /* FirebaseRemoteConfigSwift */; };
		D8AF66C329EF1B7A00A2FDCF /* FirebaseStorage in Frameworks */ = {isa = PBXBuildFile; productRef = D8AF66C229EF1B7A00A2FDCF /* FirebaseStorage */; };
		D8AF66C529EF1B7A00A2FDCF /* FirebaseStorageCombine-Community in Frameworks */ = {isa = PBXBuildFile; productRef = D8AF66C429EF1B7A00A2FDCF /* FirebaseStorageCombine-Community */; };
		D8AF66C729EF270F00A2FDCF /* ImageUploader.swift in Sources */ = {isa = PBXBuildFile; fileRef = D8AF66C629EF270F00A2FDCF /* ImageUploader.swift */; };
		D8AF66C929EF271E00A2FDCF /* AuthService.swift in Sources */ = {isa = PBXBuildFile; fileRef = D8AF66C829EF271E00A2FDCF /* AuthService.swift */; };
		D8AF66CD29F07CE100A2FDCF /* GoogleService-Info.plist in Resources */ = {isa = PBXBuildFile; fileRef = D8AF66CC29F07CE100A2FDCF /* GoogleService-Info.plist */; };
		D8AF66CF29F0859900A2FDCF /* ProfileCell.swift in Sources */ = {isa = PBXBuildFile; fileRef = D8AF66CE29F0859900A2FDCF /* ProfileCell.swift */; };
		D8AF66D129F085AE00A2FDCF /* ProfileHeader.swift in Sources */ = {isa = PBXBuildFile; fileRef = D8AF66D029F085AE00A2FDCF /* ProfileHeader.swift */; };
		D8F791EC2A0AE7EB0037C6B6 /* UserCellViewModel.swift in Sources */ = {isa = PBXBuildFile; fileRef = D8F791EB2A0AE7EB0037C6B6 /* UserCellViewModel.swift */; };
/* End PBXBuildFile section */

/* Begin PBXContainerItemProxy section */
		D83F476C29DAA40C0069335D /* PBXContainerItemProxy */ = {
			isa = PBXContainerItemProxy;
			containerPortal = D83F474D29DAA40A0069335D /* Project object */;
			proxyType = 1;
			remoteGlobalIDString = D83F475429DAA40A0069335D;
			remoteInfo = InstagramFirestoreTutorial;
		};
		D83F477629DAA40C0069335D /* PBXContainerItemProxy */ = {
			isa = PBXContainerItemProxy;
			containerPortal = D83F474D29DAA40A0069335D /* Project object */;
			proxyType = 1;
			remoteGlobalIDString = D83F475429DAA40A0069335D;
			remoteInfo = InstagramFirestoreTutorial;
		};
/* End PBXContainerItemProxy section */

/* Begin PBXFileReference section */
		D81950F929E5FB90007E16A4 /* AuthenticationViewModel.swift */ = {isa = PBXFileReference; lastKnownFileType = sourcecode.swift; path = AuthenticationViewModel.swift; sourceTree = "<group>"; };
		D821BDDC2A16ACD200190E8C /* UploadPostController.swift */ = {isa = PBXFileReference; lastKnownFileType = sourcecode.swift; path = UploadPostController.swift; sourceTree = "<group>"; };
		D821BDDE2A16B53400190E8C /* InputTextView.swift */ = {isa = PBXFileReference; lastKnownFileType = sourcecode.swift; path = InputTextView.swift; sourceTree = "<group>"; };
		D83F475529DAA40A0069335D /* InstagramFirestoreTutorial.app */ = {isa = PBXFileReference; explicitFileType = wrapper.application; includeInIndex = 0; path = InstagramFirestoreTutorial.app; sourceTree = BUILT_PRODUCTS_DIR; };
		D83F475829DAA40A0069335D /* AppDelegate.swift */ = {isa = PBXFileReference; lastKnownFileType = sourcecode.swift; path = AppDelegate.swift; sourceTree = "<group>"; };
		D83F475A29DAA40A0069335D /* SceneDelegate.swift */ = {isa = PBXFileReference; lastKnownFileType = sourcecode.swift; path = SceneDelegate.swift; sourceTree = "<group>"; };
		D83F475C29DAA40A0069335D /* ViewController.swift */ = {isa = PBXFileReference; lastKnownFileType = sourcecode.swift; path = ViewController.swift; sourceTree = "<group>"; };
		D83F475F29DAA40A0069335D /* Base */ = {isa = PBXFileReference; lastKnownFileType = file.storyboard; name = Base; path = Base.lproj/Main.storyboard; sourceTree = "<group>"; };
		D83F476129DAA40B0069335D /* Assets.xcassets */ = {isa = PBXFileReference; lastKnownFileType = folder.assetcatalog; path = Assets.xcassets; sourceTree = "<group>"; };
		D83F476429DAA40B0069335D /* Base */ = {isa = PBXFileReference; lastKnownFileType = file.storyboard; name = Base; path = Base.lproj/LaunchScreen.storyboard; sourceTree = "<group>"; };
		D83F476629DAA40B0069335D /* Info.plist */ = {isa = PBXFileReference; lastKnownFileType = text.plist.xml; path = Info.plist; sourceTree = "<group>"; };
		D83F476B29DAA40C0069335D /* InstagramFirestoreTutorialTests.xctest */ = {isa = PBXFileReference; explicitFileType = wrapper.cfbundle; includeInIndex = 0; path = InstagramFirestoreTutorialTests.xctest; sourceTree = BUILT_PRODUCTS_DIR; };
		D83F476F29DAA40C0069335D /* InstagramFirestoreTutorialTests.swift */ = {isa = PBXFileReference; lastKnownFileType = sourcecode.swift; path = InstagramFirestoreTutorialTests.swift; sourceTree = "<group>"; };
		D83F477529DAA40C0069335D /* InstagramFirestoreTutorialUITests.xctest */ = {isa = PBXFileReference; explicitFileType = wrapper.cfbundle; includeInIndex = 0; path = InstagramFirestoreTutorialUITests.xctest; sourceTree = BUILT_PRODUCTS_DIR; };
		D83F477929DAA40C0069335D /* InstagramFirestoreTutorialUITests.swift */ = {isa = PBXFileReference; lastKnownFileType = sourcecode.swift; path = InstagramFirestoreTutorialUITests.swift; sourceTree = "<group>"; };
		D83F477B29DAA40C0069335D /* InstagramFirestoreTutorialUITestsLaunchTests.swift */ = {isa = PBXFileReference; lastKnownFileType = sourcecode.swift; path = InstagramFirestoreTutorialUITestsLaunchTests.swift; sourceTree = "<group>"; };
		D83F479029DB48420069335D /* MainTabController.swift */ = {isa = PBXFileReference; lastKnownFileType = sourcecode.swift; path = MainTabController.swift; sourceTree = "<group>"; };
		D83F479229DB4B890069335D /* FeedController.swift */ = {isa = PBXFileReference; lastKnownFileType = sourcecode.swift; path = FeedController.swift; sourceTree = "<group>"; };
		D83F479429DB4B9C0069335D /* SearchController.swift */ = {isa = PBXFileReference; lastKnownFileType = sourcecode.swift; path = SearchController.swift; sourceTree = "<group>"; };
		D83F479629DB4BB90069335D /* ImageSelectorController.swift */ = {isa = PBXFileReference; lastKnownFileType = sourcecode.swift; path = ImageSelectorController.swift; sourceTree = "<group>"; };
		D83F479829DB4BD90069335D /* NotificationsController.swift */ = {isa = PBXFileReference; lastKnownFileType = sourcecode.swift; path = NotificationsController.swift; sourceTree = "<group>"; };
		D83F479A29DB4BEF0069335D /* ProfileController.swift */ = {isa = PBXFileReference; lastKnownFileType = sourcecode.swift; path = ProfileController.swift; sourceTree = "<group>"; };
		D850CE8129F72A6600DF40FE /* Constants.swift */ = {isa = PBXFileReference; lastKnownFileType = sourcecode.swift; path = Constants.swift; sourceTree = "<group>"; };
		D850CE8329F72ACF00DF40FE /* UserService.swift */ = {isa = PBXFileReference; lastKnownFileType = sourcecode.swift; path = UserService.swift; sourceTree = "<group>"; };
		D857D49129E1EC8B0085AB35 /* Extensions.swift */ = {isa = PBXFileReference; lastKnownFileType = sourcecode.swift; path = Extensions.swift; sourceTree = "<group>"; };
		D857D49429E2016E0085AB35 /* LoginController.swift */ = {isa = PBXFileReference; lastKnownFileType = sourcecode.swift; path = LoginController.swift; sourceTree = "<group>"; };
		D857D49629E201830085AB35 /* RegistrationController.swift */ = {isa = PBXFileReference; lastKnownFileType = sourcecode.swift; path = RegistrationController.swift; sourceTree = "<group>"; };
		D857D49829E4C2600085AB35 /* CustomTextField.swift */ = {isa = PBXFileReference; lastKnownFileType = sourcecode.swift; path = CustomTextField.swift; sourceTree = "<group>"; };
		D857D49D29E4D9280085AB35 /* CustomAuthButton.swift */ = {isa = PBXFileReference; lastKnownFileType = sourcecode.swift; path = CustomAuthButton.swift; sourceTree = "<group>"; };
		D88FAC2929F730A800DC5D38 /* User.swift */ = {isa = PBXFileReference; lastKnownFileType = sourcecode.swift; name = User.swift; path = InstagramFirestoreTutorial/API/User.swift; sourceTree = SOURCE_ROOT; };
		D88FAC3029F9A52300DC5D38 /* ProfileHeaderViewModel.swift */ = {isa = PBXFileReference; lastKnownFileType = sourcecode.swift; path = ProfileHeaderViewModel.swift; sourceTree = "<group>"; };
		D88FAC322A02F6BB00DC5D38 /* UserCell.swift */ = {isa = PBXFileReference; lastKnownFileType = sourcecode.swift; path = UserCell.swift; sourceTree = "<group>"; };
		D89A25FB29DB81A10018B008 /* FeedCell.swift */ = {isa = PBXFileReference; lastKnownFileType = sourcecode.swift; path = FeedCell.swift; sourceTree = "<group>"; };
		D8AF66C629EF270F00A2FDCF /* ImageUploader.swift */ = {isa = PBXFileReference; lastKnownFileType = sourcecode.swift; path = ImageUploader.swift; sourceTree = "<group>"; };
		D8AF66C829EF271E00A2FDCF /* AuthService.swift */ = {isa = PBXFileReference; lastKnownFileType = sourcecode.swift; path = AuthService.swift; sourceTree = "<group>"; };
		D8AF66CC29F07CE100A2FDCF /* GoogleService-Info.plist */ = {isa = PBXFileReference; lastKnownFileType = text.plist; path = "GoogleService-Info.plist"; sourceTree = SOURCE_ROOT; };
		D8AF66CE29F0859900A2FDCF /* ProfileCell.swift */ = {isa = PBXFileReference; lastKnownFileType = sourcecode.swift; path = ProfileCell.swift; sourceTree = "<group>"; };
		D8AF66D029F085AE00A2FDCF /* ProfileHeader.swift */ = {isa = PBXFileReference; lastKnownFileType = sourcecode.swift; path = ProfileHeader.swift; sourceTree = "<group>"; };
		D8F791EB2A0AE7EB0037C6B6 /* UserCellViewModel.swift */ = {isa = PBXFileReference; lastKnownFileType = sourcecode.swift; path = UserCellViewModel.swift; sourceTree = "<group>"; };
/* End PBXFileReference section */

/* Begin PBXFrameworksBuildPhase section */
		D83F475229DAA40A0069335D /* Frameworks */ = {
			isa = PBXFrameworksBuildPhase;
			buildActionMask = 2147483647;
			files = (
				D821BDDB2A1543F400190E8C /* YPImagePicker in Frameworks */,
				D8AF66AF29EF1B7A00A2FDCF /* FirebaseFunctions in Frameworks */,
				D8AF66A529EF1B7A00A2FDCF /* FirebaseDatabaseSwift in Frameworks */,
				D8AF66B529EF1B7A00A2FDCF /* FirebaseInAppMessagingSwift-Beta in Frameworks */,
				D8AF66BB29EF1B7A00A2FDCF /* FirebaseMessaging in Frameworks */,
				D8AF669B29EF1B7A00A2FDCF /* FirebaseAppDistribution-Beta in Frameworks */,
				D8AF669F29EF1B7A00A2FDCF /* FirebaseAuthCombine-Community in Frameworks */,
				D8AF66AB29EF1B7A00A2FDCF /* FirebaseFirestoreCombine-Community in Frameworks */,
				D88FAC2D29F873C300DC5D38 /* SDWebImage in Frameworks */,
				D8AF669529EF1B7A00A2FDCF /* FirebaseAnalyticsSwift in Frameworks */,
				D8AF66B929EF1B7A00A2FDCF /* FirebaseMLModelDownloader in Frameworks */,
				D8AF669729EF1B7A00A2FDCF /* FirebaseAnalyticsWithoutAdIdSupport in Frameworks */,
				D8AF669129EF1B7A00A2FDCF /* FirebaseAnalytics in Frameworks */,
				D8AF66AD29EF1B7A00A2FDCF /* FirebaseFirestoreSwift in Frameworks */,
				D8AF669329EF1B7A00A2FDCF /* FirebaseAnalyticsOnDeviceConversion in Frameworks */,
				D8AF669929EF1B7A00A2FDCF /* FirebaseAppCheck in Frameworks */,
				D8AF66BD29EF1B7A00A2FDCF /* FirebasePerformance in Frameworks */,
				D88FAC2F29F873C300DC5D38 /* SDWebImageMapKit in Frameworks */,
				D8AF66B329EF1B7A00A2FDCF /* FirebaseInAppMessaging-Beta in Frameworks */,
				D8AF66B129EF1B7A00A2FDCF /* FirebaseFunctionsCombine-Community in Frameworks */,
				D8AF66A129EF1B7A00A2FDCF /* FirebaseCrashlytics in Frameworks */,
				D8AF66B729EF1B7A00A2FDCF /* FirebaseInstallations in Frameworks */,
				D8AF66BF29EF1B7A00A2FDCF /* FirebaseRemoteConfig in Frameworks */,
				D8AF66C329EF1B7A00A2FDCF /* FirebaseStorage in Frameworks */,
				D8AF66A329EF1B7A00A2FDCF /* FirebaseDatabase in Frameworks */,
				D8AF66C529EF1B7A00A2FDCF /* FirebaseStorageCombine-Community in Frameworks */,
				D857D49C29E4C9950085AB35 /* JGProgressHUD in Frameworks */,
				D8AF669D29EF1B7A00A2FDCF /* FirebaseAuth in Frameworks */,
				D8AF66A729EF1B7A00A2FDCF /* FirebaseDynamicLinks in Frameworks */,
				D8AF66A929EF1B7A00A2FDCF /* FirebaseFirestore in Frameworks */,
				D8AF66C129EF1B7A00A2FDCF /* FirebaseRemoteConfigSwift in Frameworks */,
			);
			runOnlyForDeploymentPostprocessing = 0;
		};
		D83F476829DAA40C0069335D /* Frameworks */ = {
			isa = PBXFrameworksBuildPhase;
			buildActionMask = 2147483647;
			files = (
			);
			runOnlyForDeploymentPostprocessing = 0;
		};
		D83F477229DAA40C0069335D /* Frameworks */ = {
			isa = PBXFrameworksBuildPhase;
			buildActionMask = 2147483647;
			files = (
			);
			runOnlyForDeploymentPostprocessing = 0;
		};
/* End PBXFrameworksBuildPhase section */

/* Begin PBXGroup section */
		D83F474C29DAA40A0069335D = {
			isa = PBXGroup;
			children = (
				D83F475729DAA40A0069335D /* InstagramFirestoreTutorial */,
				D83F476E29DAA40C0069335D /* InstagramFirestoreTutorialTests */,
				D83F477829DAA40C0069335D /* InstagramFirestoreTutorialUITests */,
				D83F475629DAA40A0069335D /* Products */,
			);
			sourceTree = "<group>";
		};
		D83F475629DAA40A0069335D /* Products */ = {
			isa = PBXGroup;
			children = (
				D83F475529DAA40A0069335D /* InstagramFirestoreTutorial.app */,
				D83F476B29DAA40C0069335D /* InstagramFirestoreTutorialTests.xctest */,
				D83F477529DAA40C0069335D /* InstagramFirestoreTutorialUITests.xctest */,
			);
			name = Products;
			sourceTree = "<group>";
		};
		D83F475729DAA40A0069335D /* InstagramFirestoreTutorial */ = {
			isa = PBXGroup;
			children = (
				D83F478F29DB45300069335D /* Model */,
				D83F478E29DB452D0069335D /* View */,
				D83F478D29DB45270069335D /* ViewModel */,
				D83F478C29DB45240069335D /* Controller */,
				D83F478A29DB45100069335D /* API */,
				D83F478829DB44CE0069335D /* Utils */,
				D83F475829DAA40A0069335D /* AppDelegate.swift */,
				D83F475A29DAA40A0069335D /* SceneDelegate.swift */,
				D83F475C29DAA40A0069335D /* ViewController.swift */,
				D83F475E29DAA40A0069335D /* Main.storyboard */,
				D83F476129DAA40B0069335D /* Assets.xcassets */,
				D83F476329DAA40B0069335D /* LaunchScreen.storyboard */,
				D83F476629DAA40B0069335D /* Info.plist */,
				D8AF66CC29F07CE100A2FDCF /* GoogleService-Info.plist */,
			);
			path = InstagramFirestoreTutorial;
			sourceTree = "<group>";
		};
		D83F476E29DAA40C0069335D /* InstagramFirestoreTutorialTests */ = {
			isa = PBXGroup;
			children = (
				D83F476F29DAA40C0069335D /* InstagramFirestoreTutorialTests.swift */,
			);
			path = InstagramFirestoreTutorialTests;
			sourceTree = "<group>";
		};
		D83F477829DAA40C0069335D /* InstagramFirestoreTutorialUITests */ = {
			isa = PBXGroup;
			children = (
				D83F477929DAA40C0069335D /* InstagramFirestoreTutorialUITests.swift */,
				D83F477B29DAA40C0069335D /* InstagramFirestoreTutorialUITestsLaunchTests.swift */,
			);
			path = InstagramFirestoreTutorialUITests;
			sourceTree = "<group>";
		};
		D83F478829DB44CE0069335D /* Utils */ = {
			isa = PBXGroup;
			children = (
				D857D49129E1EC8B0085AB35 /* Extensions.swift */,
				D850CE8129F72A6600DF40FE /* Constants.swift */,
				D821BDDE2A16B53400190E8C /* InputTextView.swift */,
			);
			path = Utils;
			sourceTree = "<group>";
		};
		D83F478A29DB45100069335D /* API */ = {
			isa = PBXGroup;
			children = (
				D8AF66C629EF270F00A2FDCF /* ImageUploader.swift */,
				D8AF66C829EF271E00A2FDCF /* AuthService.swift */,
				D850CE8329F72ACF00DF40FE /* UserService.swift */,
			);
			path = API;
			sourceTree = "<group>";
		};
		D83F478C29DB45240069335D /* Controller */ = {
			isa = PBXGroup;
			children = (
				D857D49329E201440085AB35 /* Authentication */,
				D83F479029DB48420069335D /* MainTabController.swift */,
				D83F479229DB4B890069335D /* FeedController.swift */,
				D83F479429DB4B9C0069335D /* SearchController.swift */,
				D83F479629DB4BB90069335D /* ImageSelectorController.swift */,
				D83F479829DB4BD90069335D /* NotificationsController.swift */,
				D83F479A29DB4BEF0069335D /* ProfileController.swift */,
				D821BDDC2A16ACD200190E8C /* UploadPostController.swift */,
			);
			path = Controller;
			sourceTree = "<group>";
		};
		D83F478D29DB45270069335D /* ViewModel */ = {
			isa = PBXGroup;
			children = (
				D81950F929E5FB90007E16A4 /* AuthenticationViewModel.swift */,
				D88FAC3029F9A52300DC5D38 /* ProfileHeaderViewModel.swift */,
				D8F791EB2A0AE7EB0037C6B6 /* UserCellViewModel.swift */,
			);
			path = ViewModel;
			sourceTree = "<group>";
		};
		D83F478E29DB452D0069335D /* View */ = {
			isa = PBXGroup;
			children = (
				D8AF66D229F085CA00A2FDCF /* Profile */,
				D89A25FB29DB81A10018B008 /* FeedCell.swift */,
				D857D49829E4C2600085AB35 /* CustomTextField.swift */,
				D857D49D29E4D9280085AB35 /* CustomAuthButton.swift */,
				D88FAC322A02F6BB00DC5D38 /* UserCell.swift */,
			);
			path = View;
			sourceTree = "<group>";
		};
		D83F478F29DB45300069335D /* Model */ = {
			isa = PBXGroup;
			children = (
				D88FAC2929F730A800DC5D38 /* User.swift */,
			);
			path = Model;
			sourceTree = "<group>";
		};
		D857D49329E201440085AB35 /* Authentication */ = {
			isa = PBXGroup;
			children = (
				D857D49429E2016E0085AB35 /* LoginController.swift */,
				D857D49629E201830085AB35 /* RegistrationController.swift */,
			);
			path = Authentication;
			sourceTree = "<group>";
		};
		D8AF66D229F085CA00A2FDCF /* Profile */ = {
			isa = PBXGroup;
			children = (
				D8AF66CE29F0859900A2FDCF /* ProfileCell.swift */,
				D8AF66D029F085AE00A2FDCF /* ProfileHeader.swift */,
			);
			path = Profile;
			sourceTree = "<group>";
		};
/* End PBXGroup section */

/* Begin PBXNativeTarget section */
		D83F475429DAA40A0069335D /* InstagramFirestoreTutorial */ = {
			isa = PBXNativeTarget;
			buildConfigurationList = D83F477F29DAA40C0069335D /* Build configuration list for PBXNativeTarget "InstagramFirestoreTutorial" */;
			buildPhases = (
				D83F475129DAA40A0069335D /* Sources */,
				D83F475229DAA40A0069335D /* Frameworks */,
				D83F475329DAA40A0069335D /* Resources */,
			);
			buildRules = (
			);
			dependencies = (
			);
			name = InstagramFirestoreTutorial;
			packageProductDependencies = (
				D857D49B29E4C9950085AB35 /* JGProgressHUD */,
				D8AF669029EF1B7A00A2FDCF /* FirebaseAnalytics */,
				D8AF669229EF1B7A00A2FDCF /* FirebaseAnalyticsOnDeviceConversion */,
				D8AF669429EF1B7A00A2FDCF /* FirebaseAnalyticsSwift */,
				D8AF669629EF1B7A00A2FDCF /* FirebaseAnalyticsWithoutAdIdSupport */,
				D8AF669829EF1B7A00A2FDCF /* FirebaseAppCheck */,
				D8AF669A29EF1B7A00A2FDCF /* FirebaseAppDistribution-Beta */,
				D8AF669C29EF1B7A00A2FDCF /* FirebaseAuth */,
				D8AF669E29EF1B7A00A2FDCF /* FirebaseAuthCombine-Community */,
				D8AF66A029EF1B7A00A2FDCF /* FirebaseCrashlytics */,
				D8AF66A229EF1B7A00A2FDCF /* FirebaseDatabase */,
				D8AF66A429EF1B7A00A2FDCF /* FirebaseDatabaseSwift */,
				D8AF66A629EF1B7A00A2FDCF /* FirebaseDynamicLinks */,
				D8AF66A829EF1B7A00A2FDCF /* FirebaseFirestore */,
				D8AF66AA29EF1B7A00A2FDCF /* FirebaseFirestoreCombine-Community */,
				D8AF66AC29EF1B7A00A2FDCF /* FirebaseFirestoreSwift */,
				D8AF66AE29EF1B7A00A2FDCF /* FirebaseFunctions */,
				D8AF66B029EF1B7A00A2FDCF /* FirebaseFunctionsCombine-Community */,
				D8AF66B229EF1B7A00A2FDCF /* FirebaseInAppMessaging-Beta */,
				D8AF66B429EF1B7A00A2FDCF /* FirebaseInAppMessagingSwift-Beta */,
				D8AF66B629EF1B7A00A2FDCF /* FirebaseInstallations */,
				D8AF66B829EF1B7A00A2FDCF /* FirebaseMLModelDownloader */,
				D8AF66BA29EF1B7A00A2FDCF /* FirebaseMessaging */,
				D8AF66BC29EF1B7A00A2FDCF /* FirebasePerformance */,
				D8AF66BE29EF1B7A00A2FDCF /* FirebaseRemoteConfig */,
				D8AF66C029EF1B7A00A2FDCF /* FirebaseRemoteConfigSwift */,
				D8AF66C229EF1B7A00A2FDCF /* FirebaseStorage */,
				D8AF66C429EF1B7A00A2FDCF /* FirebaseStorageCombine-Community */,
				D88FAC2C29F873C300DC5D38 /* SDWebImage */,
				D88FAC2E29F873C300DC5D38 /* SDWebImageMapKit */,
				D821BDDA2A1543F400190E8C /* YPImagePicker */,
			);
			productName = InstagramFirestoreTutorial;
			productReference = D83F475529DAA40A0069335D /* InstagramFirestoreTutorial.app */;
			productType = "com.apple.product-type.application";
		};
		D83F476A29DAA40C0069335D /* InstagramFirestoreTutorialTests */ = {
			isa = PBXNativeTarget;
			buildConfigurationList = D83F478229DAA40C0069335D /* Build configuration list for PBXNativeTarget "InstagramFirestoreTutorialTests" */;
			buildPhases = (
				D83F476729DAA40C0069335D /* Sources */,
				D83F476829DAA40C0069335D /* Frameworks */,
				D83F476929DAA40C0069335D /* Resources */,
			);
			buildRules = (
			);
			dependencies = (
				D83F476D29DAA40C0069335D /* PBXTargetDependency */,
			);
			name = InstagramFirestoreTutorialTests;
			productName = InstagramFirestoreTutorialTests;
			productReference = D83F476B29DAA40C0069335D /* InstagramFirestoreTutorialTests.xctest */;
			productType = "com.apple.product-type.bundle.unit-test";
		};
		D83F477429DAA40C0069335D /* InstagramFirestoreTutorialUITests */ = {
			isa = PBXNativeTarget;
			buildConfigurationList = D83F478529DAA40C0069335D /* Build configuration list for PBXNativeTarget "InstagramFirestoreTutorialUITests" */;
			buildPhases = (
				D83F477129DAA40C0069335D /* Sources */,
				D83F477229DAA40C0069335D /* Frameworks */,
				D83F477329DAA40C0069335D /* Resources */,
			);
			buildRules = (
			);
			dependencies = (
				D83F477729DAA40C0069335D /* PBXTargetDependency */,
			);
			name = InstagramFirestoreTutorialUITests;
			productName = InstagramFirestoreTutorialUITests;
			productReference = D83F477529DAA40C0069335D /* InstagramFirestoreTutorialUITests.xctest */;
			productType = "com.apple.product-type.bundle.ui-testing";
		};
/* End PBXNativeTarget section */

/* Begin PBXProject section */
		D83F474D29DAA40A0069335D /* Project object */ = {
			isa = PBXProject;
			attributes = {
				BuildIndependentTargetsInParallel = 1;
				LastSwiftUpdateCheck = 1420;
				LastUpgradeCheck = 1420;
				TargetAttributes = {
					D83F475429DAA40A0069335D = {
						CreatedOnToolsVersion = 14.2;
					};
					D83F476A29DAA40C0069335D = {
						CreatedOnToolsVersion = 14.2;
						TestTargetID = D83F475429DAA40A0069335D;
					};
					D83F477429DAA40C0069335D = {
						CreatedOnToolsVersion = 14.2;
						TestTargetID = D83F475429DAA40A0069335D;
					};
				};
			};
			buildConfigurationList = D83F475029DAA40A0069335D /* Build configuration list for PBXProject "InstagramFirestoreTutorial" */;
			compatibilityVersion = "Xcode 14.0";
			developmentRegion = en;
			hasScannedForEncodings = 0;
			knownRegions = (
				en,
				Base,
			);
			mainGroup = D83F474C29DAA40A0069335D;
			packageReferences = (
				D857D49A29E4C9950085AB35 /* XCRemoteSwiftPackageReference "JGProgressHUD" */,
				D8AF668F29EF1B7A00A2FDCF /* XCRemoteSwiftPackageReference "firebase-ios-sdk" */,
				D88FAC2B29F873C300DC5D38 /* XCRemoteSwiftPackageReference "SDWebImage" */,
				D821BDD92A1543F400190E8C /* XCRemoteSwiftPackageReference "YPImagePicker" */,
			);
			productRefGroup = D83F475629DAA40A0069335D /* Products */;
			projectDirPath = "";
			projectRoot = "";
			targets = (
				D83F475429DAA40A0069335D /* InstagramFirestoreTutorial */,
				D83F476A29DAA40C0069335D /* InstagramFirestoreTutorialTests */,
				D83F477429DAA40C0069335D /* InstagramFirestoreTutorialUITests */,
			);
		};
/* End PBXProject section */

/* Begin PBXResourcesBuildPhase section */
		D83F475329DAA40A0069335D /* Resources */ = {
			isa = PBXResourcesBuildPhase;
			buildActionMask = 2147483647;
			files = (
				D83F476529DAA40B0069335D /* LaunchScreen.storyboard in Resources */,
				D8AF66CD29F07CE100A2FDCF /* GoogleService-Info.plist in Resources */,
				D83F476229DAA40B0069335D /* Assets.xcassets in Resources */,
				D83F476029DAA40A0069335D /* Main.storyboard in Resources */,
			);
			runOnlyForDeploymentPostprocessing = 0;
		};
		D83F476929DAA40C0069335D /* Resources */ = {
			isa = PBXResourcesBuildPhase;
			buildActionMask = 2147483647;
			files = (
			);
			runOnlyForDeploymentPostprocessing = 0;
		};
		D83F477329DAA40C0069335D /* Resources */ = {
			isa = PBXResourcesBuildPhase;
			buildActionMask = 2147483647;
			files = (
			);
			runOnlyForDeploymentPostprocessing = 0;
		};
/* End PBXResourcesBuildPhase section */

/* Begin PBXSourcesBuildPhase section */
		D83F475129DAA40A0069335D /* Sources */ = {
			isa = PBXSourcesBuildPhase;
			buildActionMask = 2147483647;
			files = (
				D857D49929E4C2600085AB35 /* CustomTextField.swift in Sources */,
				D850CE8229F72A6600DF40FE /* Constants.swift in Sources */,
				D857D49E29E4D9280085AB35 /* CustomAuthButton.swift in Sources */,
				D8AF66C729EF270F00A2FDCF /* ImageUploader.swift in Sources */,
				D821BDDD2A16ACD200190E8C /* UploadPostController.swift in Sources */,
				D8AF66C929EF271E00A2FDCF /* AuthService.swift in Sources */,
				D88FAC3129F9A52300DC5D38 /* ProfileHeaderViewModel.swift in Sources */,
				D83F475D29DAA40A0069335D /* ViewController.swift in Sources */,
				D850CE8429F72ACF00DF40FE /* UserService.swift in Sources */,
				D857D49529E2016E0085AB35 /* LoginController.swift in Sources */,
				D81950FA29E5FB90007E16A4 /* AuthenticationViewModel.swift in Sources */,
				D89A25FC29DB81A10018B008 /* FeedCell.swift in Sources */,
				D8AF66D129F085AE00A2FDCF /* ProfileHeader.swift in Sources */,
				D83F479729DB4BB90069335D /* ImageSelectorController.swift in Sources */,
				D821BDDF2A16B53400190E8C /* InputTextView.swift in Sources */,
				D88FAC332A02F6BB00DC5D38 /* UserCell.swift in Sources */,
				D83F479529DB4B9C0069335D /* SearchController.swift in Sources */,
				D8F791EC2A0AE7EB0037C6B6 /* UserCellViewModel.swift in Sources */,
				D83F475929DAA40A0069335D /* AppDelegate.swift in Sources */,
				D83F479329DB4B890069335D /* FeedController.swift in Sources */,
				D83F479B29DB4BEF0069335D /* ProfileController.swift in Sources */,
				D83F479129DB48420069335D /* MainTabController.swift in Sources */,
				D83F479929DB4BD90069335D /* NotificationsController.swift in Sources */,
				D8AF66CF29F0859900A2FDCF /* ProfileCell.swift in Sources */,
				D857D49229E1EC8B0085AB35 /* Extensions.swift in Sources */,
				D83F475B29DAA40A0069335D /* SceneDelegate.swift in Sources */,
				D857D49729E201830085AB35 /* RegistrationController.swift in Sources */,
				D88FAC2A29F730A800DC5D38 /* User.swift in Sources */,
			);
			runOnlyForDeploymentPostprocessing = 0;
		};
		D83F476729DAA40C0069335D /* Sources */ = {
			isa = PBXSourcesBuildPhase;
			buildActionMask = 2147483647;
			files = (
				D83F477029DAA40C0069335D /* InstagramFirestoreTutorialTests.swift in Sources */,
			);
			runOnlyForDeploymentPostprocessing = 0;
		};
		D83F477129DAA40C0069335D /* Sources */ = {
			isa = PBXSourcesBuildPhase;
			buildActionMask = 2147483647;
			files = (
				D83F477A29DAA40C0069335D /* InstagramFirestoreTutorialUITests.swift in Sources */,
				D83F477C29DAA40C0069335D /* InstagramFirestoreTutorialUITestsLaunchTests.swift in Sources */,
			);
			runOnlyForDeploymentPostprocessing = 0;
		};
/* End PBXSourcesBuildPhase section */

/* Begin PBXTargetDependency section */
		D83F476D29DAA40C0069335D /* PBXTargetDependency */ = {
			isa = PBXTargetDependency;
			target = D83F475429DAA40A0069335D /* InstagramFirestoreTutorial */;
			targetProxy = D83F476C29DAA40C0069335D /* PBXContainerItemProxy */;
		};
		D83F477729DAA40C0069335D /* PBXTargetDependency */ = {
			isa = PBXTargetDependency;
			target = D83F475429DAA40A0069335D /* InstagramFirestoreTutorial */;
			targetProxy = D83F477629DAA40C0069335D /* PBXContainerItemProxy */;
		};
/* End PBXTargetDependency section */

/* Begin PBXVariantGroup section */
		D83F475E29DAA40A0069335D /* Main.storyboard */ = {
			isa = PBXVariantGroup;
			children = (
				D83F475F29DAA40A0069335D /* Base */,
			);
			name = Main.storyboard;
			sourceTree = "<group>";
		};
		D83F476329DAA40B0069335D /* LaunchScreen.storyboard */ = {
			isa = PBXVariantGroup;
			children = (
				D83F476429DAA40B0069335D /* Base */,
			);
			name = LaunchScreen.storyboard;
			sourceTree = "<group>";
		};
/* End PBXVariantGroup section */

/* Begin XCBuildConfiguration section */
		D83F477D29DAA40C0069335D /* Debug */ = {
			isa = XCBuildConfiguration;
			buildSettings = {
				ALWAYS_SEARCH_USER_PATHS = NO;
				CLANG_ANALYZER_NONNULL = YES;
				CLANG_ANALYZER_NUMBER_OBJECT_CONVERSION = YES_AGGRESSIVE;
				CLANG_CXX_LANGUAGE_STANDARD = "gnu++20";
				CLANG_ENABLE_MODULES = YES;
				CLANG_ENABLE_OBJC_ARC = YES;
				CLANG_ENABLE_OBJC_WEAK = YES;
				CLANG_WARN_BLOCK_CAPTURE_AUTORELEASING = YES;
				CLANG_WARN_BOOL_CONVERSION = YES;
				CLANG_WARN_COMMA = YES;
				CLANG_WARN_CONSTANT_CONVERSION = YES;
				CLANG_WARN_DEPRECATED_OBJC_IMPLEMENTATIONS = YES;
				CLANG_WARN_DIRECT_OBJC_ISA_USAGE = YES_ERROR;
				CLANG_WARN_DOCUMENTATION_COMMENTS = YES;
				CLANG_WARN_EMPTY_BODY = YES;
				CLANG_WARN_ENUM_CONVERSION = YES;
				CLANG_WARN_INFINITE_RECURSION = YES;
				CLANG_WARN_INT_CONVERSION = YES;
				CLANG_WARN_NON_LITERAL_NULL_CONVERSION = YES;
				CLANG_WARN_OBJC_IMPLICIT_RETAIN_SELF = YES;
				CLANG_WARN_OBJC_LITERAL_CONVERSION = YES;
				CLANG_WARN_OBJC_ROOT_CLASS = YES_ERROR;
				CLANG_WARN_QUOTED_INCLUDE_IN_FRAMEWORK_HEADER = YES;
				CLANG_WARN_RANGE_LOOP_ANALYSIS = YES;
				CLANG_WARN_STRICT_PROTOTYPES = YES;
				CLANG_WARN_SUSPICIOUS_MOVE = YES;
				CLANG_WARN_UNGUARDED_AVAILABILITY = YES_AGGRESSIVE;
				CLANG_WARN_UNREACHABLE_CODE = YES;
				CLANG_WARN__DUPLICATE_METHOD_MATCH = YES;
				COPY_PHASE_STRIP = NO;
				DEBUG_INFORMATION_FORMAT = dwarf;
				ENABLE_STRICT_OBJC_MSGSEND = YES;
				ENABLE_TESTABILITY = YES;
				GCC_C_LANGUAGE_STANDARD = gnu11;
				GCC_DYNAMIC_NO_PIC = NO;
				GCC_NO_COMMON_BLOCKS = YES;
				GCC_OPTIMIZATION_LEVEL = 0;
				GCC_PREPROCESSOR_DEFINITIONS = (
					"DEBUG=1",
					"$(inherited)",
				);
				GCC_WARN_64_TO_32_BIT_CONVERSION = YES;
				GCC_WARN_ABOUT_RETURN_TYPE = YES_ERROR;
				GCC_WARN_UNDECLARED_SELECTOR = YES;
				GCC_WARN_UNINITIALIZED_AUTOS = YES_AGGRESSIVE;
				GCC_WARN_UNUSED_FUNCTION = YES;
				GCC_WARN_UNUSED_VARIABLE = YES;
				IPHONEOS_DEPLOYMENT_TARGET = 16.2;
				MTL_ENABLE_DEBUG_INFO = INCLUDE_SOURCE;
				MTL_FAST_MATH = YES;
				ONLY_ACTIVE_ARCH = YES;
				SDKROOT = iphoneos;
				SWIFT_ACTIVE_COMPILATION_CONDITIONS = DEBUG;
				SWIFT_OPTIMIZATION_LEVEL = "-Onone";
			};
			name = Debug;
		};
		D83F477E29DAA40C0069335D /* Release */ = {
			isa = XCBuildConfiguration;
			buildSettings = {
				ALWAYS_SEARCH_USER_PATHS = NO;
				CLANG_ANALYZER_NONNULL = YES;
				CLANG_ANALYZER_NUMBER_OBJECT_CONVERSION = YES_AGGRESSIVE;
				CLANG_CXX_LANGUAGE_STANDARD = "gnu++20";
				CLANG_ENABLE_MODULES = YES;
				CLANG_ENABLE_OBJC_ARC = YES;
				CLANG_ENABLE_OBJC_WEAK = YES;
				CLANG_WARN_BLOCK_CAPTURE_AUTORELEASING = YES;
				CLANG_WARN_BOOL_CONVERSION = YES;
				CLANG_WARN_COMMA = YES;
				CLANG_WARN_CONSTANT_CONVERSION = YES;
				CLANG_WARN_DEPRECATED_OBJC_IMPLEMENTATIONS = YES;
				CLANG_WARN_DIRECT_OBJC_ISA_USAGE = YES_ERROR;
				CLANG_WARN_DOCUMENTATION_COMMENTS = YES;
				CLANG_WARN_EMPTY_BODY = YES;
				CLANG_WARN_ENUM_CONVERSION = YES;
				CLANG_WARN_INFINITE_RECURSION = YES;
				CLANG_WARN_INT_CONVERSION = YES;
				CLANG_WARN_NON_LITERAL_NULL_CONVERSION = YES;
				CLANG_WARN_OBJC_IMPLICIT_RETAIN_SELF = YES;
				CLANG_WARN_OBJC_LITERAL_CONVERSION = YES;
				CLANG_WARN_OBJC_ROOT_CLASS = YES_ERROR;
				CLANG_WARN_QUOTED_INCLUDE_IN_FRAMEWORK_HEADER = YES;
				CLANG_WARN_RANGE_LOOP_ANALYSIS = YES;
				CLANG_WARN_STRICT_PROTOTYPES = YES;
				CLANG_WARN_SUSPICIOUS_MOVE = YES;
				CLANG_WARN_UNGUARDED_AVAILABILITY = YES_AGGRESSIVE;
				CLANG_WARN_UNREACHABLE_CODE = YES;
				CLANG_WARN__DUPLICATE_METHOD_MATCH = YES;
				COPY_PHASE_STRIP = NO;
				DEBUG_INFORMATION_FORMAT = "dwarf-with-dsym";
				ENABLE_NS_ASSERTIONS = NO;
				ENABLE_STRICT_OBJC_MSGSEND = YES;
				GCC_C_LANGUAGE_STANDARD = gnu11;
				GCC_NO_COMMON_BLOCKS = YES;
				GCC_WARN_64_TO_32_BIT_CONVERSION = YES;
				GCC_WARN_ABOUT_RETURN_TYPE = YES_ERROR;
				GCC_WARN_UNDECLARED_SELECTOR = YES;
				GCC_WARN_UNINITIALIZED_AUTOS = YES_AGGRESSIVE;
				GCC_WARN_UNUSED_FUNCTION = YES;
				GCC_WARN_UNUSED_VARIABLE = YES;
				IPHONEOS_DEPLOYMENT_TARGET = 16.2;
				MTL_ENABLE_DEBUG_INFO = NO;
				MTL_FAST_MATH = YES;
				SDKROOT = iphoneos;
				SWIFT_COMPILATION_MODE = wholemodule;
				SWIFT_OPTIMIZATION_LEVEL = "-O";
				VALIDATE_PRODUCT = YES;
			};
			name = Release;
		};
		D83F478029DAA40C0069335D /* Debug */ = {
			isa = XCBuildConfiguration;
			buildSettings = {
				ASSETCATALOG_COMPILER_APPICON_NAME = AppIcon;
				ASSETCATALOG_COMPILER_GLOBAL_ACCENT_COLOR_NAME = AccentColor;
				CODE_SIGN_STYLE = Automatic;
				CURRENT_PROJECT_VERSION = 1;
				DEVELOPMENT_TEAM = DXCQ9WGD8Q;
				GENERATE_INFOPLIST_FILE = YES;
				INFOPLIST_FILE = InstagramFirestoreTutorial/Info.plist;
				INFOPLIST_KEY_UIApplicationSupportsIndirectInputEvents = YES;
				INFOPLIST_KEY_UILaunchStoryboardName = LaunchScreen;
				INFOPLIST_KEY_UIMainStoryboardFile = Main;
				INFOPLIST_KEY_UISupportedInterfaceOrientations_iPad = "UIInterfaceOrientationPortrait UIInterfaceOrientationPortraitUpsideDown UIInterfaceOrientationLandscapeLeft UIInterfaceOrientationLandscapeRight";
				INFOPLIST_KEY_UISupportedInterfaceOrientations_iPhone = "UIInterfaceOrientationPortrait UIInterfaceOrientationLandscapeLeft UIInterfaceOrientationLandscapeRight";
				LD_RUNPATH_SEARCH_PATHS = (
					"$(inherited)",
					"@executable_path/Frameworks",
				);
				MARKETING_VERSION = 1.0;
				PRODUCT_BUNDLE_IDENTIFIER = com.seikendojo1.InstagramFirestoreTutorial;
				PRODUCT_NAME = "$(TARGET_NAME)";
				SWIFT_EMIT_LOC_STRINGS = YES;
				SWIFT_VERSION = 5.0;
				TARGETED_DEVICE_FAMILY = "1,2";
			};
			name = Debug;
		};
		D83F478129DAA40C0069335D /* Release */ = {
			isa = XCBuildConfiguration;
			buildSettings = {
				ASSETCATALOG_COMPILER_APPICON_NAME = AppIcon;
				ASSETCATALOG_COMPILER_GLOBAL_ACCENT_COLOR_NAME = AccentColor;
				CODE_SIGN_STYLE = Automatic;
				CURRENT_PROJECT_VERSION = 1;
				DEVELOPMENT_TEAM = DXCQ9WGD8Q;
				GENERATE_INFOPLIST_FILE = YES;
				INFOPLIST_FILE = InstagramFirestoreTutorial/Info.plist;
				INFOPLIST_KEY_UIApplicationSupportsIndirectInputEvents = YES;
				INFOPLIST_KEY_UILaunchStoryboardName = LaunchScreen;
				INFOPLIST_KEY_UIMainStoryboardFile = Main;
				INFOPLIST_KEY_UISupportedInterfaceOrientations_iPad = "UIInterfaceOrientationPortrait UIInterfaceOrientationPortraitUpsideDown UIInterfaceOrientationLandscapeLeft UIInterfaceOrientationLandscapeRight";
				INFOPLIST_KEY_UISupportedInterfaceOrientations_iPhone = "UIInterfaceOrientationPortrait UIInterfaceOrientationLandscapeLeft UIInterfaceOrientationLandscapeRight";
				LD_RUNPATH_SEARCH_PATHS = (
					"$(inherited)",
					"@executable_path/Frameworks",
				);
				MARKETING_VERSION = 1.0;
				PRODUCT_BUNDLE_IDENTIFIER = com.seikendojo1.InstagramFirestoreTutorial;
				PRODUCT_NAME = "$(TARGET_NAME)";
				SWIFT_EMIT_LOC_STRINGS = YES;
				SWIFT_VERSION = 5.0;
				TARGETED_DEVICE_FAMILY = "1,2";
			};
			name = Release;
		};
		D83F478329DAA40C0069335D /* Debug */ = {
			isa = XCBuildConfiguration;
			buildSettings = {
				ALWAYS_EMBED_SWIFT_STANDARD_LIBRARIES = YES;
				BUNDLE_LOADER = "$(TEST_HOST)";
				CODE_SIGN_STYLE = Automatic;
				CURRENT_PROJECT_VERSION = 1;
				DEVELOPMENT_TEAM = DXCQ9WGD8Q;
				GENERATE_INFOPLIST_FILE = YES;
				IPHONEOS_DEPLOYMENT_TARGET = 16.2;
				MARKETING_VERSION = 1.0;
				PRODUCT_BUNDLE_IDENTIFIER = com.seikendojo1.InstagramFirestoreTutorialTests;
				PRODUCT_NAME = "$(TARGET_NAME)";
				SWIFT_EMIT_LOC_STRINGS = NO;
				SWIFT_VERSION = 5.0;
				TARGETED_DEVICE_FAMILY = "1,2";
				TEST_HOST = "$(BUILT_PRODUCTS_DIR)/InstagramFirestoreTutorial.app/$(BUNDLE_EXECUTABLE_FOLDER_PATH)/InstagramFirestoreTutorial";
			};
			name = Debug;
		};
		D83F478429DAA40C0069335D /* Release */ = {
			isa = XCBuildConfiguration;
			buildSettings = {
				ALWAYS_EMBED_SWIFT_STANDARD_LIBRARIES = YES;
				BUNDLE_LOADER = "$(TEST_HOST)";
				CODE_SIGN_STYLE = Automatic;
				CURRENT_PROJECT_VERSION = 1;
				DEVELOPMENT_TEAM = DXCQ9WGD8Q;
				GENERATE_INFOPLIST_FILE = YES;
				IPHONEOS_DEPLOYMENT_TARGET = 16.2;
				MARKETING_VERSION = 1.0;
				PRODUCT_BUNDLE_IDENTIFIER = com.seikendojo1.InstagramFirestoreTutorialTests;
				PRODUCT_NAME = "$(TARGET_NAME)";
				SWIFT_EMIT_LOC_STRINGS = NO;
				SWIFT_VERSION = 5.0;
				TARGETED_DEVICE_FAMILY = "1,2";
				TEST_HOST = "$(BUILT_PRODUCTS_DIR)/InstagramFirestoreTutorial.app/$(BUNDLE_EXECUTABLE_FOLDER_PATH)/InstagramFirestoreTutorial";
			};
			name = Release;
		};
		D83F478629DAA40C0069335D /* Debug */ = {
			isa = XCBuildConfiguration;
			buildSettings = {
				ALWAYS_EMBED_SWIFT_STANDARD_LIBRARIES = YES;
				CODE_SIGN_STYLE = Automatic;
				CURRENT_PROJECT_VERSION = 1;
				DEVELOPMENT_TEAM = DXCQ9WGD8Q;
				GENERATE_INFOPLIST_FILE = YES;
				MARKETING_VERSION = 1.0;
				PRODUCT_BUNDLE_IDENTIFIER = com.seikendojo1.InstagramFirestoreTutorialUITests;
				PRODUCT_NAME = "$(TARGET_NAME)";
				SWIFT_EMIT_LOC_STRINGS = NO;
				SWIFT_VERSION = 5.0;
				TARGETED_DEVICE_FAMILY = "1,2";
				TEST_TARGET_NAME = InstagramFirestoreTutorial;
			};
			name = Debug;
		};
		D83F478729DAA40C0069335D /* Release */ = {
			isa = XCBuildConfiguration;
			buildSettings = {
				ALWAYS_EMBED_SWIFT_STANDARD_LIBRARIES = YES;
				CODE_SIGN_STYLE = Automatic;
				CURRENT_PROJECT_VERSION = 1;
				DEVELOPMENT_TEAM = DXCQ9WGD8Q;
				GENERATE_INFOPLIST_FILE = YES;
				MARKETING_VERSION = 1.0;
				PRODUCT_BUNDLE_IDENTIFIER = com.seikendojo1.InstagramFirestoreTutorialUITests;
				PRODUCT_NAME = "$(TARGET_NAME)";
				SWIFT_EMIT_LOC_STRINGS = NO;
				SWIFT_VERSION = 5.0;
				TARGETED_DEVICE_FAMILY = "1,2";
				TEST_TARGET_NAME = InstagramFirestoreTutorial;
			};
			name = Release;
		};
/* End XCBuildConfiguration section */

/* Begin XCConfigurationList section */
		D83F475029DAA40A0069335D /* Build configuration list for PBXProject "InstagramFirestoreTutorial" */ = {
			isa = XCConfigurationList;
			buildConfigurations = (
				D83F477D29DAA40C0069335D /* Debug */,
				D83F477E29DAA40C0069335D /* Release */,
			);
			defaultConfigurationIsVisible = 0;
			defaultConfigurationName = Release;
		};
		D83F477F29DAA40C0069335D /* Build configuration list for PBXNativeTarget "InstagramFirestoreTutorial" */ = {
			isa = XCConfigurationList;
			buildConfigurations = (
				D83F478029DAA40C0069335D /* Debug */,
				D83F478129DAA40C0069335D /* Release */,
			);
			defaultConfigurationIsVisible = 0;
			defaultConfigurationName = Release;
		};
		D83F478229DAA40C0069335D /* Build configuration list for PBXNativeTarget "InstagramFirestoreTutorialTests" */ = {
			isa = XCConfigurationList;
			buildConfigurations = (
				D83F478329DAA40C0069335D /* Debug */,
				D83F478429DAA40C0069335D /* Release */,
			);
			defaultConfigurationIsVisible = 0;
			defaultConfigurationName = Release;
		};
		D83F478529DAA40C0069335D /* Build configuration list for PBXNativeTarget "InstagramFirestoreTutorialUITests" */ = {
			isa = XCConfigurationList;
			buildConfigurations = (
				D83F478629DAA40C0069335D /* Debug */,
				D83F478729DAA40C0069335D /* Release */,
			);
			defaultConfigurationIsVisible = 0;
			defaultConfigurationName = Release;
		};
/* End XCConfigurationList section */

/* Begin XCRemoteSwiftPackageReference section */
		D821BDD92A1543F400190E8C /* XCRemoteSwiftPackageReference "YPImagePicker" */ = {
			isa = XCRemoteSwiftPackageReference;
			repositoryURL = "https://github.com/Yummypets/YPImagePicker";
			requirement = {
				kind = upToNextMajorVersion;
				minimumVersion = 5.0.0;
			};
		};
		D857D49A29E4C9950085AB35 /* XCRemoteSwiftPackageReference "JGProgressHUD" */ = {
			isa = XCRemoteSwiftPackageReference;
			repositoryURL = "https://github.com/JonasGessner/JGProgressHUD";
			requirement = {
				kind = upToNextMajorVersion;
				minimumVersion = 2.0.0;
			};
		};
		D88FAC2B29F873C300DC5D38 /* XCRemoteSwiftPackageReference "SDWebImage" */ = {
			isa = XCRemoteSwiftPackageReference;
			repositoryURL = "https://github.com/SDWebImage/SDWebImage";
			requirement = {
				kind = upToNextMajorVersion;
				minimumVersion = 5.0.0;
			};
		};
		D8AF668F29EF1B7A00A2FDCF /* XCRemoteSwiftPackageReference "firebase-ios-sdk" */ = {
			isa = XCRemoteSwiftPackageReference;
			repositoryURL = "https://github.com/firebase/firebase-ios-sdk";
			requirement = {
				kind = upToNextMajorVersion;
				minimumVersion = 9.0.0;
			};
		};
/* End XCRemoteSwiftPackageReference section */

/* Begin XCSwiftPackageProductDependency section */
		D821BDDA2A1543F400190E8C /* YPImagePicker */ = {
			isa = XCSwiftPackageProductDependency;
			package = D821BDD92A1543F400190E8C /* XCRemoteSwiftPackageReference "YPImagePicker" */;
			productName = YPImagePicker;
		};
		D857D49B29E4C9950085AB35 /* JGProgressHUD */ = {
			isa = XCSwiftPackageProductDependency;
			package = D857D49A29E4C9950085AB35 /* XCRemoteSwiftPackageReference "JGProgressHUD" */;
			productName = JGProgressHUD;
		};
		D88FAC2C29F873C300DC5D38 /* SDWebImage */ = {
			isa = XCSwiftPackageProductDependency;
			package = D88FAC2B29F873C300DC5D38 /* XCRemoteSwiftPackageReference "SDWebImage" */;
			productName = SDWebImage;
		};
		D88FAC2E29F873C300DC5D38 /* SDWebImageMapKit */ = {
			isa = XCSwiftPackageProductDependency;
			package = D88FAC2B29F873C300DC5D38 /* XCRemoteSwiftPackageReference "SDWebImage" */;
			productName = SDWebImageMapKit;
		};
		D8AF669029EF1B7A00A2FDCF /* FirebaseAnalytics */ = {
			isa = XCSwiftPackageProductDependency;
			package = D8AF668F29EF1B7A00A2FDCF /* XCRemoteSwiftPackageReference "firebase-ios-sdk" */;
			productName = FirebaseAnalytics;
		};
		D8AF669229EF1B7A00A2FDCF /* FirebaseAnalyticsOnDeviceConversion */ = {
			isa = XCSwiftPackageProductDependency;
			package = D8AF668F29EF1B7A00A2FDCF /* XCRemoteSwiftPackageReference "firebase-ios-sdk" */;
			productName = FirebaseAnalyticsOnDeviceConversion;
		};
		D8AF669429EF1B7A00A2FDCF /* FirebaseAnalyticsSwift */ = {
			isa = XCSwiftPackageProductDependency;
			package = D8AF668F29EF1B7A00A2FDCF /* XCRemoteSwiftPackageReference "firebase-ios-sdk" */;
			productName = FirebaseAnalyticsSwift;
		};
		D8AF669629EF1B7A00A2FDCF /* FirebaseAnalyticsWithoutAdIdSupport */ = {
			isa = XCSwiftPackageProductDependency;
			package = D8AF668F29EF1B7A00A2FDCF /* XCRemoteSwiftPackageReference "firebase-ios-sdk" */;
			productName = FirebaseAnalyticsWithoutAdIdSupport;
		};
		D8AF669829EF1B7A00A2FDCF /* FirebaseAppCheck */ = {
			isa = XCSwiftPackageProductDependency;
			package = D8AF668F29EF1B7A00A2FDCF /* XCRemoteSwiftPackageReference "firebase-ios-sdk" */;
			productName = FirebaseAppCheck;
		};
		D8AF669A29EF1B7A00A2FDCF /* FirebaseAppDistribution-Beta */ = {
			isa = XCSwiftPackageProductDependency;
			package = D8AF668F29EF1B7A00A2FDCF /* XCRemoteSwiftPackageReference "firebase-ios-sdk" */;
			productName = "FirebaseAppDistribution-Beta";
		};
		D8AF669C29EF1B7A00A2FDCF /* FirebaseAuth */ = {
			isa = XCSwiftPackageProductDependency;
			package = D8AF668F29EF1B7A00A2FDCF /* XCRemoteSwiftPackageReference "firebase-ios-sdk" */;
			productName = FirebaseAuth;
		};
		D8AF669E29EF1B7A00A2FDCF /* FirebaseAuthCombine-Community */ = {
			isa = XCSwiftPackageProductDependency;
			package = D8AF668F29EF1B7A00A2FDCF /* XCRemoteSwiftPackageReference "firebase-ios-sdk" */;
			productName = "FirebaseAuthCombine-Community";
		};
		D8AF66A029EF1B7A00A2FDCF /* FirebaseCrashlytics */ = {
			isa = XCSwiftPackageProductDependency;
			package = D8AF668F29EF1B7A00A2FDCF /* XCRemoteSwiftPackageReference "firebase-ios-sdk" */;
			productName = FirebaseCrashlytics;
		};
		D8AF66A229EF1B7A00A2FDCF /* FirebaseDatabase */ = {
			isa = XCSwiftPackageProductDependency;
			package = D8AF668F29EF1B7A00A2FDCF /* XCRemoteSwiftPackageReference "firebase-ios-sdk" */;
			productName = FirebaseDatabase;
		};
		D8AF66A429EF1B7A00A2FDCF /* FirebaseDatabaseSwift */ = {
			isa = XCSwiftPackageProductDependency;
			package = D8AF668F29EF1B7A00A2FDCF /* XCRemoteSwiftPackageReference "firebase-ios-sdk" */;
			productName = FirebaseDatabaseSwift;
		};
		D8AF66A629EF1B7A00A2FDCF /* FirebaseDynamicLinks */ = {
			isa = XCSwiftPackageProductDependency;
			package = D8AF668F29EF1B7A00A2FDCF /* XCRemoteSwiftPackageReference "firebase-ios-sdk" */;
			productName = FirebaseDynamicLinks;
		};
		D8AF66A829EF1B7A00A2FDCF /* FirebaseFirestore */ = {
			isa = XCSwiftPackageProductDependency;
			package = D8AF668F29EF1B7A00A2FDCF /* XCRemoteSwiftPackageReference "firebase-ios-sdk" */;
			productName = FirebaseFirestore;
		};
		D8AF66AA29EF1B7A00A2FDCF /* FirebaseFirestoreCombine-Community */ = {
			isa = XCSwiftPackageProductDependency;
			package = D8AF668F29EF1B7A00A2FDCF /* XCRemoteSwiftPackageReference "firebase-ios-sdk" */;
			productName = "FirebaseFirestoreCombine-Community";
		};
		D8AF66AC29EF1B7A00A2FDCF /* FirebaseFirestoreSwift */ = {
			isa = XCSwiftPackageProductDependency;
			package = D8AF668F29EF1B7A00A2FDCF /* XCRemoteSwiftPackageReference "firebase-ios-sdk" */;
			productName = FirebaseFirestoreSwift;
		};
		D8AF66AE29EF1B7A00A2FDCF /* FirebaseFunctions */ = {
			isa = XCSwiftPackageProductDependency;
			package = D8AF668F29EF1B7A00A2FDCF /* XCRemoteSwiftPackageReference "firebase-ios-sdk" */;
			productName = FirebaseFunctions;
		};
		D8AF66B029EF1B7A00A2FDCF /* FirebaseFunctionsCombine-Community */ = {
			isa = XCSwiftPackageProductDependency;
			package = D8AF668F29EF1B7A00A2FDCF /* XCRemoteSwiftPackageReference "firebase-ios-sdk" */;
			productName = "FirebaseFunctionsCombine-Community";
		};
		D8AF66B229EF1B7A00A2FDCF /* FirebaseInAppMessaging-Beta */ = {
			isa = XCSwiftPackageProductDependency;
			package = D8AF668F29EF1B7A00A2FDCF /* XCRemoteSwiftPackageReference "firebase-ios-sdk" */;
			productName = "FirebaseInAppMessaging-Beta";
		};
		D8AF66B429EF1B7A00A2FDCF /* FirebaseInAppMessagingSwift-Beta */ = {
			isa = XCSwiftPackageProductDependency;
			package = D8AF668F29EF1B7A00A2FDCF /* XCRemoteSwiftPackageReference "firebase-ios-sdk" */;
			productName = "FirebaseInAppMessagingSwift-Beta";
		};
		D8AF66B629EF1B7A00A2FDCF /* FirebaseInstallations */ = {
			isa = XCSwiftPackageProductDependency;
			package = D8AF668F29EF1B7A00A2FDCF /* XCRemoteSwiftPackageReference "firebase-ios-sdk" */;
			productName = FirebaseInstallations;
		};
		D8AF66B829EF1B7A00A2FDCF /* FirebaseMLModelDownloader */ = {
			isa = XCSwiftPackageProductDependency;
			package = D8AF668F29EF1B7A00A2FDCF /* XCRemoteSwiftPackageReference "firebase-ios-sdk" */;
			productName = FirebaseMLModelDownloader;
		};
		D8AF66BA29EF1B7A00A2FDCF /* FirebaseMessaging */ = {
			isa = XCSwiftPackageProductDependency;
			package = D8AF668F29EF1B7A00A2FDCF /* XCRemoteSwiftPackageReference "firebase-ios-sdk" */;
			productName = FirebaseMessaging;
		};
		D8AF66BC29EF1B7A00A2FDCF /* FirebasePerformance */ = {
			isa = XCSwiftPackageProductDependency;
			package = D8AF668F29EF1B7A00A2FDCF /* XCRemoteSwiftPackageReference "firebase-ios-sdk" */;
			productName = FirebasePerformance;
		};
		D8AF66BE29EF1B7A00A2FDCF /* FirebaseRemoteConfig */ = {
			isa = XCSwiftPackageProductDependency;
			package = D8AF668F29EF1B7A00A2FDCF /* XCRemoteSwiftPackageReference "firebase-ios-sdk" */;
			productName = FirebaseRemoteConfig;
		};
		D8AF66C029EF1B7A00A2FDCF /* FirebaseRemoteConfigSwift */ = {
			isa = XCSwiftPackageProductDependency;
			package = D8AF668F29EF1B7A00A2FDCF /* XCRemoteSwiftPackageReference "firebase-ios-sdk" */;
			productName = FirebaseRemoteConfigSwift;
		};
		D8AF66C229EF1B7A00A2FDCF /* FirebaseStorage */ = {
			isa = XCSwiftPackageProductDependency;
			package = D8AF668F29EF1B7A00A2FDCF /* XCRemoteSwiftPackageReference "firebase-ios-sdk" */;
			productName = FirebaseStorage;
		};
		D8AF66C429EF1B7A00A2FDCF /* FirebaseStorageCombine-Community */ = {
			isa = XCSwiftPackageProductDependency;
			package = D8AF668F29EF1B7A00A2FDCF /* XCRemoteSwiftPackageReference "firebase-ios-sdk" */;
			productName = "FirebaseStorageCombine-Community";
		};
/* End XCSwiftPackageProductDependency section */
	};
	rootObject = D83F474D29DAA40A0069335D /* Project object */;
}
